# Qualified wheels: CPython 3.14, Linux x86_64. Other platforms require their own reviewed hashes.
markdown-it-py==4.0.0 --hash=sha256:87327c59b172c5011896038353a81343b6754500a08cd7a4973bb48c6d578147
PyYAML==6.0.3 --hash=sha256:c458b6d084f9b935061bc36216e8a69a7e293a2f1e68bf956dcd9e6cbcd143f5
mdurl==0.1.2 --hash=sha256:84008a41e51615a49fc9966191ff91509e3c40b939176e643fd50a5c2196b8f8
